// !$*UTF8*$!
{
	archiveVersion = 1;
	classes = {
	};
	objectVersion = 56;
	objects = {

/* Begin PBXBuildFile section */
		187B6E925421EC7EC50104FA /* Pods_CocoaNews.framework in Frameworks */ = {isa = PBXBuildFile; fileRef = 0598F02B785505CF0DAB0D01 /* Pods_CocoaNews.framework */; };
		BE07D6D22C5AB76800F685D1 /* APIClient.swift in Sources */ = {isa = PBXBuildFile; fileRef = BE07D6D12C5AB76800F685D1 /* APIClient.swift */; };
		BE07D6D42C5AB78A00F685D1 /* Endpoint.swift in Sources */ = {isa = PBXBuildFile; fileRef = BE07D6D32C5AB78A00F685D1 /* Endpoint.swift */; };
		BE07D6D72C5AB98800F685D1 /* NewsAPIClient.swift in Sources */ = {isa = PBXBuildFile; fileRef = BE07D6D62C5AB98800F685D1 /* NewsAPIClient.swift */; };
		BE07D6DA2C5ABC8000F685D1 /* HeadlinesEndpoint.swift in Sources */ = {isa = PBXBuildFile; fileRef = BE07D6D92C5ABC8000F685D1 /* HeadlinesEndpoint.swift */; };
		BE07D6DC2C5ABCAE00F685D1 /* ArticleCategory.swift in Sources */ = {isa = PBXBuildFile; fileRef = BE07D6DB2C5ABCAE00F685D1 /* ArticleCategory.swift */; };
		BE07D6DF2C5ABCDA00F685D1 /* HeadlinesService.swift in Sources */ = {isa = PBXBuildFile; fileRef = BE07D6DE2C5ABCDA00F685D1 /* HeadlinesService.swift */; };
		BE07D6E22C5ABD4100F685D1 /* Article.swift in Sources */ = {isa = PBXBuildFile; fileRef = BE07D6E12C5ABD4100F685D1 /* Article.swift */; };
		BE07D6E42C5ABD5E00F685D1 /* ArticleSource.swift in Sources */ = {isa = PBXBuildFile; fileRef = BE07D6E32C5ABD5E00F685D1 /* ArticleSource.swift */; };
		BE07D6E62C5ABD8400F685D1 /* NewsAPIResponse.swift in Sources */ = {isa = PBXBuildFile; fileRef = BE07D6E52C5ABD8400F685D1 /* NewsAPIResponse.swift */; };
		BE1EB9B22C5811A80071CF37 /* AppDelegate.swift in Sources */ = {isa = PBXBuildFile; fileRef = BE1EB9B12C5811A80071CF37 /* AppDelegate.swift */; };
		BE1EB9B42C5811A80071CF37 /* SceneDelegate.swift in Sources */ = {isa = PBXBuildFile; fileRef = BE1EB9B32C5811A80071CF37 /* SceneDelegate.swift */; };
		BE1EB9BB2C5811AA0071CF37 /* Assets.xcassets in Resources */ = {isa = PBXBuildFile; fileRef = BE1EB9BA2C5811AA0071CF37 /* Assets.xcassets */; };
		BE1EB9BE2C5811AA0071CF37 /* LaunchScreen.storyboard in Resources */ = {isa = PBXBuildFile; fileRef = BE1EB9BC2C5811AA0071CF37 /* LaunchScreen.storyboard */; };
		BE2187B42C7E632100FCD384 /* Color.swift in Sources */ = {isa = PBXBuildFile; fileRef = BE2187B32C7E632100FCD384 /* Color.swift */; };
		BE2187B62C7E673800FCD384 /* HeaderView.swift in Sources */ = {isa = PBXBuildFile; fileRef = BE2187B52C7E673800FCD384 /* HeaderView.swift */; };
		BE2187B82C7E6C1300FCD384 /* UIStackView.swift in Sources */ = {isa = PBXBuildFile; fileRef = BE2187B72C7E6C1300FCD384 /* UIStackView.swift */; };
		BE544F552C5D479B00C29949 /* StyleGuide.swift in Sources */ = {isa = PBXBuildFile; fileRef = BE544F542C5D479B00C29949 /* StyleGuide.swift */; };
		BE544F592C5D707200C29949 /* FeaturedNewsView.swift in Sources */ = {isa = PBXBuildFile; fileRef = BE544F582C5D707200C29949 /* FeaturedNewsView.swift */; };
		BE544F5B2C5D70AE00C29949 /* FeaturedNewsViewControllerSwiftUI.swift in Sources */ = {isa = PBXBuildFile; fileRef = BE544F5A2C5D70AE00C29949 /* FeaturedNewsViewControllerSwiftUI.swift */; };
		BE544F5D2C5D71D500C29949 /* FeaturedNewsViewController.swift in Sources */ = {isa = PBXBuildFile; fileRef = BE544F5C2C5D71D500C29949 /* FeaturedNewsViewController.swift */; };
		BE544F5F2C5D743400C29949 /* HomePageLayoutProvider.swift in Sources */ = {isa = PBXBuildFile; fileRef = BE544F5E2C5D743400C29949 /* HomePageLayoutProvider.swift */; };
		BE544F612C5D787A00C29949 /* FeaturedNewsViewModel.swift in Sources */ = {isa = PBXBuildFile; fileRef = BE544F602C5D787A00C29949 /* FeaturedNewsViewModel.swift */; };
		BE544F642C5D7AE000C29949 /* FeaturedNewsItem.swift in Sources */ = {isa = PBXBuildFile; fileRef = BE544F632C5D7AE000C29949 /* FeaturedNewsItem.swift */; };
		BECAC5BF2C5BCB0C00A4FA6F /* HomePageViewModel.swift in Sources */ = {isa = PBXBuildFile; fileRef = BECAC5BE2C5BCB0C00A4FA6F /* HomePageViewModel.swift */; };
		BECAC5C12C5BCB3100A4FA6F /* ViewModel.swift in Sources */ = {isa = PBXBuildFile; fileRef = BECAC5C02C5BCB3100A4FA6F /* ViewModel.swift */; };
		BECAC5C42C5BCB6C00A4FA6F /* HeadlinesService+Rx.swift in Sources */ = {isa = PBXBuildFile; fileRef = BECAC5C32C5BCB6C00A4FA6F /* HeadlinesService+Rx.swift */; };
		BECAC5C62C5BCBBB00A4FA6F /* HomePageViewController.swift in Sources */ = {isa = PBXBuildFile; fileRef = BECAC5C52C5BCBBB00A4FA6F /* HomePageViewController.swift */; };
		BECAC5C82C5BCBF100A4FA6F /* ViewCodeBuildable.swift in Sources */ = {isa = PBXBuildFile; fileRef = BECAC5C72C5BCBF100A4FA6F /* ViewCodeBuildable.swift */; };
		BECAC5CD2C5BCC6600A4FA6F /* ImageDownloader.swift in Sources */ = {isa = PBXBuildFile; fileRef = BECAC5CC2C5BCC6600A4FA6F /* ImageDownloader.swift */; };
		BECAC5CF2C5BCC9100A4FA6F /* LoadableImageView.swift in Sources */ = {isa = PBXBuildFile; fileRef = BECAC5CE2C5BCC9100A4FA6F /* LoadableImageView.swift */; };
		BECAC5D12C5BCCCA00A4FA6F /* FeaturedNewsCollectionViewCell.swift in Sources */ = {isa = PBXBuildFile; fileRef = BECAC5D02C5BCCCA00A4FA6F /* FeaturedNewsCollectionViewCell.swift */; };
		BECAC5D32C5BCCE900A4FA6F /* FeaturedNewsViewControllerUIKit.swift in Sources */ = {isa = PBXBuildFile; fileRef = BECAC5D22C5BCCE900A4FA6F /* FeaturedNewsViewControllerUIKit.swift */; };
		BECAC5D62C5BCD2800A4FA6F /* NewsCollectionViewCell.swift in Sources */ = {isa = PBXBuildFile; fileRef = BECAC5D52C5BCD2800A4FA6F /* NewsCollectionViewCell.swift */; };
		BECAC5D82C5BCD5000A4FA6F /* NewsListViewController.swift in Sources */ = {isa = PBXBuildFile; fileRef = BECAC5D72C5BCD5000A4FA6F /* NewsListViewController.swift */; };
		BEFF15C62C6BDB710095FFA5 /* EverythingEndpoint.swift in Sources */ = {isa = PBXBuildFile; fileRef = BEFF15C52C6BDB710095FFA5 /* EverythingEndpoint.swift */; };
		BEFF15C82C6BDC1D0095FFA5 /* EverythingService.swift in Sources */ = {isa = PBXBuildFile; fileRef = BEFF15C72C6BDC1D0095FFA5 /* EverythingService.swift */; };
		BEFF15CC2C6BDDF40095FFA5 /* NewsAPIService.swift in Sources */ = {isa = PBXBuildFile; fileRef = BEFF15CB2C6BDDF40095FFA5 /* NewsAPIService.swift */; };
		BEFF15CE2C6BE0140095FFA5 /* EverythingService+Rx.swift in Sources */ = {isa = PBXBuildFile; fileRef = BEFF15CD2C6BE0140095FFA5 /* EverythingService+Rx.swift */; };
/* End PBXBuildFile section */

/* Begin PBXFileReference section */
		0598F02B785505CF0DAB0D01 /* Pods_CocoaNews.framework */ = {isa = PBXFileReference; explicitFileType = wrapper.framework; includeInIndex = 0; path = Pods_CocoaNews.framework; sourceTree = BUILT_PRODUCTS_DIR; };
		4854D1390CB23FD03273ADAE /* Pods-CocoaNews.debug.xcconfig */ = {isa = PBXFileReference; includeInIndex = 1; lastKnownFileType = text.xcconfig; name = "Pods-CocoaNews.debug.xcconfig"; path = "Target Support Files/Pods-CocoaNews/Pods-CocoaNews.debug.xcconfig"; sourceTree = "<group>"; };
		4F294A39BA675C01A7658EB7 /* Pods-CocoaNews.release.xcconfig */ = {isa = PBXFileReference; includeInIndex = 1; lastKnownFileType = text.xcconfig; name = "Pods-CocoaNews.release.xcconfig"; path = "Target Support Files/Pods-CocoaNews/Pods-CocoaNews.release.xcconfig"; sourceTree = "<group>"; };
		BE07D6D12C5AB76800F685D1 /* APIClient.swift */ = {isa = PBXFileReference; lastKnownFileType = sourcecode.swift; path = APIClient.swift; sourceTree = "<group>"; };
		BE07D6D32C5AB78A00F685D1 /* Endpoint.swift */ = {isa = PBXFileReference; lastKnownFileType = sourcecode.swift; path = Endpoint.swift; sourceTree = "<group>"; };
		BE07D6D62C5AB98800F685D1 /* NewsAPIClient.swift */ = {isa = PBXFileReference; lastKnownFileType = sourcecode.swift; path = NewsAPIClient.swift; sourceTree = "<group>"; };
		BE07D6D92C5ABC8000F685D1 /* HeadlinesEndpoint.swift */ = {isa = PBXFileReference; lastKnownFileType = sourcecode.swift; path = HeadlinesEndpoint.swift; sourceTree = "<group>"; };
		BE07D6DB2C5ABCAE00F685D1 /* ArticleCategory.swift */ = {isa = PBXFileReference; lastKnownFileType = sourcecode.swift; path = ArticleCategory.swift; sourceTree = "<group>"; };
		BE07D6DE2C5ABCDA00F685D1 /* HeadlinesService.swift */ = {isa = PBXFileReference; lastKnownFileType = sourcecode.swift; path = HeadlinesService.swift; sourceTree = "<group>"; };
		BE07D6E12C5ABD4100F685D1 /* Article.swift */ = {isa = PBXFileReference; lastKnownFileType = sourcecode.swift; path = Article.swift; sourceTree = "<group>"; };
		BE07D6E32C5ABD5E00F685D1 /* ArticleSource.swift */ = {isa = PBXFileReference; lastKnownFileType = sourcecode.swift; path = ArticleSource.swift; sourceTree = "<group>"; };
		BE07D6E52C5ABD8400F685D1 /* NewsAPIResponse.swift */ = {isa = PBXFileReference; lastKnownFileType = sourcecode.swift; path = NewsAPIResponse.swift; sourceTree = "<group>"; };
		BE1EB9AE2C5811A80071CF37 /* CocoaNews.app */ = {isa = PBXFileReference; explicitFileType = wrapper.application; includeInIndex = 0; path = CocoaNews.app; sourceTree = BUILT_PRODUCTS_DIR; };
		BE1EB9B12C5811A80071CF37 /* AppDelegate.swift */ = {isa = PBXFileReference; lastKnownFileType = sourcecode.swift; path = AppDelegate.swift; sourceTree = "<group>"; };
		BE1EB9B32C5811A80071CF37 /* SceneDelegate.swift */ = {isa = PBXFileReference; lastKnownFileType = sourcecode.swift; path = SceneDelegate.swift; sourceTree = "<group>"; };
		BE1EB9BA2C5811AA0071CF37 /* Assets.xcassets */ = {isa = PBXFileReference; lastKnownFileType = folder.assetcatalog; path = Assets.xcassets; sourceTree = "<group>"; };
		BE1EB9BD2C5811AA0071CF37 /* Base */ = {isa = PBXFileReference; lastKnownFileType = file.storyboard; name = Base; path = Base.lproj/LaunchScreen.storyboard; sourceTree = "<group>"; };
		BE1EB9BF2C5811AA0071CF37 /* Info.plist */ = {isa = PBXFileReference; lastKnownFileType = text.plist.xml; path = Info.plist; sourceTree = "<group>"; };
		BE2187B32C7E632100FCD384 /* Color.swift */ = {isa = PBXFileReference; lastKnownFileType = sourcecode.swift; path = Color.swift; sourceTree = "<group>"; };
		BE2187B52C7E673800FCD384 /* HeaderView.swift */ = {isa = PBXFileReference; lastKnownFileType = sourcecode.swift; path = HeaderView.swift; sourceTree = "<group>"; };
		BE2187B72C7E6C1300FCD384 /* UIStackView.swift */ = {isa = PBXFileReference; lastKnownFileType = sourcecode.swift; path = UIStackView.swift; sourceTree = "<group>"; };
		BE544F542C5D479B00C29949 /* StyleGuide.swift */ = {isa = PBXFileReference; lastKnownFileType = sourcecode.swift; path = StyleGuide.swift; sourceTree = "<group>"; };
		BE544F582C5D707200C29949 /* FeaturedNewsView.swift */ = {isa = PBXFileReference; lastKnownFileType = sourcecode.swift; path = FeaturedNewsView.swift; sourceTree = "<group>"; };
		BE544F5A2C5D70AE00C29949 /* FeaturedNewsViewControllerSwiftUI.swift */ = {isa = PBXFileReference; lastKnownFileType = sourcecode.swift; path = FeaturedNewsViewControllerSwiftUI.swift; sourceTree = "<group>"; };
		BE544F5C2C5D71D500C29949 /* FeaturedNewsViewController.swift */ = {isa = PBXFileReference; lastKnownFileType = sourcecode.swift; path = FeaturedNewsViewController.swift; sourceTree = "<group>"; };
		BE544F5E2C5D743400C29949 /* HomePageLayoutProvider.swift */ = {isa = PBXFileReference; lastKnownFileType = sourcecode.swift; path = HomePageLayoutProvider.swift; sourceTree = "<group>"; };
		BE544F602C5D787A00C29949 /* FeaturedNewsViewModel.swift */ = {isa = PBXFileReference; lastKnownFileType = sourcecode.swift; path = FeaturedNewsViewModel.swift; sourceTree = "<group>"; };
		BE544F632C5D7AE000C29949 /* FeaturedNewsItem.swift */ = {isa = PBXFileReference; lastKnownFileType = sourcecode.swift; path = FeaturedNewsItem.swift; sourceTree = "<group>"; };
		BECAC5BE2C5BCB0C00A4FA6F /* HomePageViewModel.swift */ = {isa = PBXFileReference; lastKnownFileType = sourcecode.swift; path = HomePageViewModel.swift; sourceTree = "<group>"; };
		BECAC5C02C5BCB3100A4FA6F /* ViewModel.swift */ = {isa = PBXFileReference; lastKnownFileType = sourcecode.swift; path = ViewModel.swift; sourceTree = "<group>"; };
		BECAC5C32C5BCB6C00A4FA6F /* HeadlinesService+Rx.swift */ = {isa = PBXFileReference; lastKnownFileType = sourcecode.swift; path = "HeadlinesService+Rx.swift"; sourceTree = "<group>"; };
		BECAC5C52C5BCBBB00A4FA6F /* HomePageViewController.swift */ = {isa = PBXFileReference; lastKnownFileType = sourcecode.swift; path = HomePageViewController.swift; sourceTree = "<group>"; };
		BECAC5C72C5BCBF100A4FA6F /* ViewCodeBuildable.swift */ = {isa = PBXFileReference; lastKnownFileType = sourcecode.swift; path = ViewCodeBuildable.swift; sourceTree = "<group>"; };
		BECAC5CC2C5BCC6600A4FA6F /* ImageDownloader.swift */ = {isa = PBXFileReference; lastKnownFileType = sourcecode.swift; path = ImageDownloader.swift; sourceTree = "<group>"; };
		BECAC5CE2C5BCC9100A4FA6F /* LoadableImageView.swift */ = {isa = PBXFileReference; lastKnownFileType = sourcecode.swift; path = LoadableImageView.swift; sourceTree = "<group>"; };
		BECAC5D02C5BCCCA00A4FA6F /* FeaturedNewsCollectionViewCell.swift */ = {isa = PBXFileReference; lastKnownFileType = sourcecode.swift; path = FeaturedNewsCollectionViewCell.swift; sourceTree = "<group>"; };
		BECAC5D22C5BCCE900A4FA6F /* FeaturedNewsViewControllerUIKit.swift */ = {isa = PBXFileReference; lastKnownFileType = sourcecode.swift; path = FeaturedNewsViewControllerUIKit.swift; sourceTree = "<group>"; };
		BECAC5D52C5BCD2800A4FA6F /* NewsCollectionViewCell.swift */ = {isa = PBXFileReference; lastKnownFileType = sourcecode.swift; path = NewsCollectionViewCell.swift; sourceTree = "<group>"; };
		BECAC5D72C5BCD5000A4FA6F /* NewsListViewController.swift */ = {isa = PBXFileReference; lastKnownFileType = sourcecode.swift; path = NewsListViewController.swift; sourceTree = "<group>"; };
		BEFF15C52C6BDB710095FFA5 /* EverythingEndpoint.swift */ = {isa = PBXFileReference; lastKnownFileType = sourcecode.swift; path = EverythingEndpoint.swift; sourceTree = "<group>"; };
		BEFF15C72C6BDC1D0095FFA5 /* EverythingService.swift */ = {isa = PBXFileReference; lastKnownFileType = sourcecode.swift; path = EverythingService.swift; sourceTree = "<group>"; };
		BEFF15CB2C6BDDF40095FFA5 /* NewsAPIService.swift */ = {isa = PBXFileReference; lastKnownFileType = sourcecode.swift; path = NewsAPIService.swift; sourceTree = "<group>"; };
		BEFF15CD2C6BE0140095FFA5 /* EverythingService+Rx.swift */ = {isa = PBXFileReference; lastKnownFileType = sourcecode.swift; path = "EverythingService+Rx.swift"; sourceTree = "<group>"; };
/* End PBXFileReference section */

/* Begin PBXFrameworksBuildPhase section */
		BE1EB9AB2C5811A80071CF37 /* Frameworks */ = {
			isa = PBXFrameworksBuildPhase;
			buildActionMask = 2147483647;
			files = (
				187B6E925421EC7EC50104FA /* Pods_CocoaNews.framework in Frameworks */,
			);
			runOnlyForDeploymentPostprocessing = 0;
		};
/* End PBXFrameworksBuildPhase section */

/* Begin PBXGroup section */
		170813F796CEE7364FD4FF1A /* Frameworks */ = {
			isa = PBXGroup;
			children = (
				0598F02B785505CF0DAB0D01 /* Pods_CocoaNews.framework */,
			);
			name = Frameworks;
			sourceTree = "<group>";
		};
		9419C3FD0294035F4AC2C930 /* Pods */ = {
			isa = PBXGroup;
			children = (
				4854D1390CB23FD03273ADAE /* Pods-CocoaNews.debug.xcconfig */,
				4F294A39BA675C01A7658EB7 /* Pods-CocoaNews.release.xcconfig */,
			);
			path = Pods;
			sourceTree = "<group>";
		};
		BE07D6CD2C5AB3CF00F685D1 /* AppConfig */ = {
			isa = PBXGroup;
			children = (
				BE1EB9B12C5811A80071CF37 /* AppDelegate.swift */,
				BE1EB9B32C5811A80071CF37 /* SceneDelegate.swift */,
				BE1EB9BA2C5811AA0071CF37 /* Assets.xcassets */,
				BE1EB9BC2C5811AA0071CF37 /* LaunchScreen.storyboard */,
				BE1EB9BF2C5811AA0071CF37 /* Info.plist */,
			);
			path = AppConfig;
			sourceTree = "<group>";
		};
		BE07D6CE2C5AB3E300F685D1 /* Source */ = {
			isa = PBXGroup;
			children = (
				BE2187B22C7E631100FCD384 /* Extensions */,
				BE07D6E02C5ABD0F00F685D1 /* Model */,
				BE07D6D02C5AB72E00F685D1 /* Network */,
				BE07D6CF2C5AB40A00F685D1 /* UI */,
			);
			path = Source;
			sourceTree = "<group>";
		};
		BE07D6CF2C5AB40A00F685D1 /* UI */ = {
			isa = PBXGroup;
			children = (
				BECAC5BD2C5BCAE400A4FA6F /* HomePage */,
				BECAC5C02C5BCB3100A4FA6F /* ViewModel.swift */,
				BECAC5C72C5BCBF100A4FA6F /* ViewCodeBuildable.swift */,
				BECAC5CC2C5BCC6600A4FA6F /* ImageDownloader.swift */,
				BECAC5CE2C5BCC9100A4FA6F /* LoadableImageView.swift */,
				BE544F542C5D479B00C29949 /* StyleGuide.swift */,
			);
			path = UI;
			sourceTree = "<group>";
		};
		BE07D6D02C5AB72E00F685D1 /* Network */ = {
			isa = PBXGroup;
			children = (
				BE07D6D52C5AB89B00F685D1 /* NewsAPI */,
				BE07D6D32C5AB78A00F685D1 /* Endpoint.swift */,
				BE07D6D12C5AB76800F685D1 /* APIClient.swift */,
			);
			path = Network;
			sourceTree = "<group>";
		};
		BE07D6D52C5AB89B00F685D1 /* NewsAPI */ = {
			isa = PBXGroup;
			children = (
				BECAC5C22C5BCB5D00A4FA6F /* Rx */,
				BE07D6DD2C5ABCCF00F685D1 /* Services */,
				BE07D6D82C5ABC6A00F685D1 /* Endpoints */,
				BE07D6D62C5AB98800F685D1 /* NewsAPIClient.swift */,
				BE07D6DB2C5ABCAE00F685D1 /* ArticleCategory.swift */,
				BE07D6E52C5ABD8400F685D1 /* NewsAPIResponse.swift */,
			);
			path = NewsAPI;
			sourceTree = "<group>";
		};
		BE07D6D82C5ABC6A00F685D1 /* Endpoints */ = {
			isa = PBXGroup;
			children = (
				BE07D6D92C5ABC8000F685D1 /* HeadlinesEndpoint.swift */,
				BEFF15C52C6BDB710095FFA5 /* EverythingEndpoint.swift */,
			);
			path = Endpoints;
			sourceTree = "<group>";
		};
		BE07D6DD2C5ABCCF00F685D1 /* Services */ = {
			isa = PBXGroup;
			children = (
				BE07D6DE2C5ABCDA00F685D1 /* HeadlinesService.swift */,
				BEFF15C72C6BDC1D0095FFA5 /* EverythingService.swift */,
				BEFF15CB2C6BDDF40095FFA5 /* NewsAPIService.swift */,
			);
			path = Services;
			sourceTree = "<group>";
		};
		BE07D6E02C5ABD0F00F685D1 /* Model */ = {
			isa = PBXGroup;
			children = (
				BE07D6E12C5ABD4100F685D1 /* Article.swift */,
				BE07D6E32C5ABD5E00F685D1 /* ArticleSource.swift */,
			);
			path = Model;
			sourceTree = "<group>";
		};
		BE1EB9A52C5811A80071CF37 = {
			isa = PBXGroup;
			children = (
				BE1EB9B02C5811A80071CF37 /* CocoaNews */,
				BE1EB9AF2C5811A80071CF37 /* Products */,
				9419C3FD0294035F4AC2C930 /* Pods */,
				170813F796CEE7364FD4FF1A /* Frameworks */,
			);
			sourceTree = "<group>";
		};
		BE1EB9AF2C5811A80071CF37 /* Products */ = {
			isa = PBXGroup;
			children = (
				BE1EB9AE2C5811A80071CF37 /* CocoaNews.app */,
			);
			name = Products;
			sourceTree = "<group>";
		};
		BE1EB9B02C5811A80071CF37 /* CocoaNews */ = {
			isa = PBXGroup;
			children = (
				BE07D6CD2C5AB3CF00F685D1 /* AppConfig */,
				BE07D6CE2C5AB3E300F685D1 /* Source */,
			);
			path = CocoaNews;
			sourceTree = "<group>";
		};
		BE2187B22C7E631100FCD384 /* Extensions */ = {
			isa = PBXGroup;
			children = (
				BE2187B32C7E632100FCD384 /* Color.swift */,
				BE2187B72C7E6C1300FCD384 /* UIStackView.swift */,
			);
			path = Extensions;
			sourceTree = "<group>";
		};
		BE544F562C5D6FEA00C29949 /* UIKit */ = {
			isa = PBXGroup;
			children = (
				BECAC5CB2C5BCC3F00A4FA6F /* Cells */,
				BECAC5D22C5BCCE900A4FA6F /* FeaturedNewsViewControllerUIKit.swift */,
			);
			path = UIKit;
			sourceTree = "<group>";
		};
		BE544F572C5D6FF600C29949 /* SwiftUI */ = {
			isa = PBXGroup;
			children = (
				BE544F622C5D7AC700C29949 /* Cells */,
				BE544F582C5D707200C29949 /* FeaturedNewsView.swift */,
				BE544F602C5D787A00C29949 /* FeaturedNewsViewModel.swift */,
				BE544F5A2C5D70AE00C29949 /* FeaturedNewsViewControllerSwiftUI.swift */,
			);
			path = SwiftUI;
			sourceTree = "<group>";
		};
		BE544F622C5D7AC700C29949 /* Cells */ = {
			isa = PBXGroup;
			children = (
				BE544F632C5D7AE000C29949 /* FeaturedNewsItem.swift */,
			);
			path = Cells;
			sourceTree = "<group>";
		};
		BECAC5BD2C5BCAE400A4FA6F /* HomePage */ = {
			isa = PBXGroup;
			children = (
				BECAC5BE2C5BCB0C00A4FA6F /* HomePageViewModel.swift */,
				BECAC5C52C5BCBBB00A4FA6F /* HomePageViewController.swift */,
				BE544F5E2C5D743400C29949 /* HomePageLayoutProvider.swift */,
				BECAC5C92C5BCC0700A4FA6F /* Featured News */,
				BECAC5CA2C5BCC1A00A4FA6F /* General News */,
				BE2187B52C7E673800FCD384 /* HeaderView.swift */,
			);
			path = HomePage;
			sourceTree = "<group>";
		};
		BECAC5C22C5BCB5D00A4FA6F /* Rx */ = {
			isa = PBXGroup;
			children = (
				BECAC5C32C5BCB6C00A4FA6F /* HeadlinesService+Rx.swift */,
				BEFF15CD2C6BE0140095FFA5 /* EverythingService+Rx.swift */,
			);
			path = Rx;
			sourceTree = "<group>";
		};
		BECAC5C92C5BCC0700A4FA6F /* Featured News */ = {
			isa = PBXGroup;
			children = (
				BE544F572C5D6FF600C29949 /* SwiftUI */,
				BE544F562C5D6FEA00C29949 /* UIKit */,
				BE544F5C2C5D71D500C29949 /* FeaturedNewsViewController.swift */,
			);
			path = "Featured News";
			sourceTree = "<group>";
		};
		BECAC5CA2C5BCC1A00A4FA6F /* General News */ = {
			isa = PBXGroup;
			children = (
				BECAC5D42C5BCD1000A4FA6F /* Cells */,
				BECAC5D72C5BCD5000A4FA6F /* NewsListViewController.swift */,
			);
			path = "General News";
			sourceTree = "<group>";
		};
		BECAC5CB2C5BCC3F00A4FA6F /* Cells */ = {
			isa = PBXGroup;
			children = (
				BECAC5D02C5BCCCA00A4FA6F /* FeaturedNewsCollectionViewCell.swift */,
			);
			path = Cells;
			sourceTree = "<group>";
		};
		BECAC5D42C5BCD1000A4FA6F /* Cells */ = {
			isa = PBXGroup;
			children = (
				BECAC5D52C5BCD2800A4FA6F /* NewsCollectionViewCell.swift */,
			);
			path = Cells;
			sourceTree = "<group>";
		};
/* End PBXGroup section */

/* Begin PBXNativeTarget section */
		BE1EB9AD2C5811A80071CF37 /* CocoaNews */ = {
			isa = PBXNativeTarget;
			buildConfigurationList = BE1EB9C22C5811AA0071CF37 /* Build configuration list for PBXNativeTarget "CocoaNews" */;
			buildPhases = (
				A62CC0727DD82DDFF9FD7722 /* [CP] Check Pods Manifest.lock */,
				BE1EB9AA2C5811A80071CF37 /* Sources */,
				BE1EB9AB2C5811A80071CF37 /* Frameworks */,
				BE1EB9AC2C5811A80071CF37 /* Resources */,
				3E4FB6463EC865929857D58C /* [CP] Embed Pods Frameworks */,
			);
			buildRules = (
			);
			dependencies = (
			);
			name = CocoaNews;
			productName = CocoaNews;
			productReference = BE1EB9AE2C5811A80071CF37 /* CocoaNews.app */;
			productType = "com.apple.product-type.application";
		};
/* End PBXNativeTarget section */

/* Begin PBXProject section */
		BE1EB9A62C5811A80071CF37 /* Project object */ = {
			isa = PBXProject;
			attributes = {
				BuildIndependentTargetsInParallel = 1;
				LastSwiftUpdateCheck = 1520;
				LastUpgradeCheck = 1520;
				TargetAttributes = {
					BE1EB9AD2C5811A80071CF37 = {
						CreatedOnToolsVersion = 15.2;
					};
				};
			};
			buildConfigurationList = BE1EB9A92C5811A80071CF37 /* Build configuration list for PBXProject "CocoaNews" */;
			compatibilityVersion = "Xcode 14.0";
			developmentRegion = en;
			hasScannedForEncodings = 0;
			knownRegions = (
				en,
				Base,
			);
			mainGroup = BE1EB9A52C5811A80071CF37;
			productRefGroup = BE1EB9AF2C5811A80071CF37 /* Products */;
			projectDirPath = "";
			projectRoot = "";
			targets = (
				BE1EB9AD2C5811A80071CF37 /* CocoaNews */,
			);
		};
/* End PBXProject section */

/* Begin PBXResourcesBuildPhase section */
		BE1EB9AC2C5811A80071CF37 /* Resources */ = {
			isa = PBXResourcesBuildPhase;
			buildActionMask = 2147483647;
			files = (
				BE1EB9BE2C5811AA0071CF37 /* LaunchScreen.storyboard in Resources */,
				BE1EB9BB2C5811AA0071CF37 /* Assets.xcassets in Resources */,
			);
			runOnlyForDeploymentPostprocessing = 0;
		};
/* End PBXResourcesBuildPhase section */

/* Begin PBXShellScriptBuildPhase section */
		3E4FB6463EC865929857D58C /* [CP] Embed Pods Frameworks */ = {
			isa = PBXShellScriptBuildPhase;
			buildActionMask = 2147483647;
			files = (
			);
			inputFileListPaths = (
				"${PODS_ROOT}/Target Support Files/Pods-CocoaNews/Pods-CocoaNews-frameworks-${CONFIGURATION}-input-files.xcfilelist",
			);
			name = "[CP] Embed Pods Frameworks";
			outputFileListPaths = (
				"${PODS_ROOT}/Target Support Files/Pods-CocoaNews/Pods-CocoaNews-frameworks-${CONFIGURATION}-output-files.xcfilelist",
			);
			runOnlyForDeploymentPostprocessing = 0;
			shellPath = /bin/sh;
			shellScript = "\"${PODS_ROOT}/Target Support Files/Pods-CocoaNews/Pods-CocoaNews-frameworks.sh\"\n";
			showEnvVarsInLog = 0;
		};
		A62CC0727DD82DDFF9FD7722 /* [CP] Check Pods Manifest.lock */ = {
			isa = PBXShellScriptBuildPhase;
			buildActionMask = 2147483647;
			files = (
			);
			inputFileListPaths = (
			);
			inputPaths = (
				"${PODS_PODFILE_DIR_PATH}/Podfile.lock",
				"${PODS_ROOT}/Manifest.lock",
			);
			name = "[CP] Check Pods Manifest.lock";
			outputFileListPaths = (
			);
			outputPaths = (
				"$(DERIVED_FILE_DIR)/Pods-CocoaNews-checkManifestLockResult.txt",
			);
			runOnlyForDeploymentPostprocessing = 0;
			shellPath = /bin/sh;
			shellScript = "diff \"${PODS_PODFILE_DIR_PATH}/Podfile.lock\" \"${PODS_ROOT}/Manifest.lock\" > /dev/null\nif [ $? != 0 ] ; then\n    # print error to STDERR\n    echo \"error: The sandbox is not in sync with the Podfile.lock. Run 'pod install' or update your CocoaPods installation.\" >&2\n    exit 1\nfi\n# This output is used by Xcode 'outputs' to avoid re-running this script phase.\necho \"SUCCESS\" > \"${SCRIPT_OUTPUT_FILE_0}\"\n";
			showEnvVarsInLog = 0;
		};
/* End PBXShellScriptBuildPhase section */

/* Begin PBXSourcesBuildPhase section */
		BE1EB9AA2C5811A80071CF37 /* Sources */ = {
			isa = PBXSourcesBuildPhase;
			buildActionMask = 2147483647;
			files = (
				BE07D6DA2C5ABC8000F685D1 /* HeadlinesEndpoint.swift in Sources */,
				BECAC5C42C5BCB6C00A4FA6F /* HeadlinesService+Rx.swift in Sources */,
				BEFF15CE2C6BE0140095FFA5 /* EverythingService+Rx.swift in Sources */,
				BE07D6D72C5AB98800F685D1 /* NewsAPIClient.swift in Sources */,
				BEFF15C62C6BDB710095FFA5 /* EverythingEndpoint.swift in Sources */,
				BE544F612C5D787A00C29949 /* FeaturedNewsViewModel.swift in Sources */,
				BECAC5D62C5BCD2800A4FA6F /* NewsCollectionViewCell.swift in Sources */,
				BECAC5D12C5BCCCA00A4FA6F /* FeaturedNewsCollectionViewCell.swift in Sources */,
				BE07D6DC2C5ABCAE00F685D1 /* ArticleCategory.swift in Sources */,
				BECAC5BF2C5BCB0C00A4FA6F /* HomePageViewModel.swift in Sources */,
				BE544F5B2C5D70AE00C29949 /* FeaturedNewsViewControllerSwiftUI.swift in Sources */,
				BECAC5C82C5BCBF100A4FA6F /* ViewCodeBuildable.swift in Sources */,
				BE07D6E22C5ABD4100F685D1 /* Article.swift in Sources */,
				BECAC5C12C5BCB3100A4FA6F /* ViewModel.swift in Sources */,
				BE07D6DF2C5ABCDA00F685D1 /* HeadlinesService.swift in Sources */,
				BE544F5F2C5D743400C29949 /* HomePageLayoutProvider.swift in Sources */,
				BE07D6E42C5ABD5E00F685D1 /* ArticleSource.swift in Sources */,
				BE544F552C5D479B00C29949 /* StyleGuide.swift in Sources */,
				BE544F5D2C5D71D500C29949 /* FeaturedNewsViewController.swift in Sources */,
				BE2187B82C7E6C1300FCD384 /* UIStackView.swift in Sources */,
				BE1EB9B22C5811A80071CF37 /* AppDelegate.swift in Sources */,
				BE2187B62C7E673800FCD384 /* HeaderView.swift in Sources */,
				BE1EB9B42C5811A80071CF37 /* SceneDelegate.swift in Sources */,
				BE2187B42C7E632100FCD384 /* Color.swift in Sources */,
				BECAC5C62C5BCBBB00A4FA6F /* HomePageViewController.swift in Sources */,
				BE07D6D22C5AB76800F685D1 /* APIClient.swift in Sources */,
				BE544F592C5D707200C29949 /* FeaturedNewsView.swift in Sources */,
				BEFF15CC2C6BDDF40095FFA5 /* NewsAPIService.swift in Sources */,
				BECAC5CF2C5BCC9100A4FA6F /* LoadableImageView.swift in Sources */,
				BECAC5D32C5BCCE900A4FA6F /* FeaturedNewsViewControllerUIKit.swift in Sources */,
				BECAC5D82C5BCD5000A4FA6F /* NewsListViewController.swift in Sources */,
				BEFF15C82C6BDC1D0095FFA5 /* EverythingService.swift in Sources */,
				BE07D6D42C5AB78A00F685D1 /* Endpoint.swift in Sources */,
				BECAC5CD2C5BCC6600A4FA6F /* ImageDownloader.swift in Sources */,
				BE07D6E62C5ABD8400F685D1 /* NewsAPIResponse.swift in Sources */,
				BE544F642C5D7AE000C29949 /* FeaturedNewsItem.swift in Sources */,
			);
			runOnlyForDeploymentPostprocessing = 0;
		};
/* End PBXSourcesBuildPhase section */

/* Begin PBXVariantGroup section */
		BE1EB9BC2C5811AA0071CF37 /* LaunchScreen.storyboard */ = {
			isa = PBXVariantGroup;
			children = (
				BE1EB9BD2C5811AA0071CF37 /* Base */,
			);
			name = LaunchScreen.storyboard;
			sourceTree = "<group>";
		};
/* End PBXVariantGroup section */

/* Begin XCBuildConfiguration section */
		BE1EB9C02C5811AA0071CF37 /* Debug */ = {
			isa = XCBuildConfiguration;
			buildSettings = {
				ALWAYS_SEARCH_USER_PATHS = NO;
				ASSETCATALOG_COMPILER_GENERATE_SWIFT_ASSET_SYMBOL_EXTENSIONS = YES;
				CLANG_ANALYZER_NONNULL = YES;
				CLANG_ANALYZER_NUMBER_OBJECT_CONVERSION = YES_AGGRESSIVE;
				CLANG_CXX_LANGUAGE_STANDARD = "gnu++20";
				CLANG_ENABLE_MODULES = YES;
				CLANG_ENABLE_OBJC_ARC = YES;
				CLANG_ENABLE_OBJC_WEAK = YES;
				CLANG_WARN_BLOCK_CAPTURE_AUTORELEASING = YES;
				CLANG_WARN_BOOL_CONVERSION = YES;
				CLANG_WARN_COMMA = YES;
				CLANG_WARN_CONSTANT_CONVERSION = YES;
				CLANG_WARN_DEPRECATED_OBJC_IMPLEMENTATIONS = YES;
				CLANG_WARN_DIRECT_OBJC_ISA_USAGE = YES_ERROR;
				CLANG_WARN_DOCUMENTATION_COMMENTS = YES;
				CLANG_WARN_EMPTY_BODY = YES;
				CLANG_WARN_ENUM_CONVERSION = YES;
				CLANG_WARN_INFINITE_RECURSION = YES;
				CLANG_WARN_INT_CONVERSION = YES;
				CLANG_WARN_NON_LITERAL_NULL_CONVERSION = YES;
				CLANG_WARN_OBJC_IMPLICIT_RETAIN_SELF = YES;
				CLANG_WARN_OBJC_LITERAL_CONVERSION = YES;
				CLANG_WARN_OBJC_ROOT_CLASS = YES_ERROR;
				CLANG_WARN_QUOTED_INCLUDE_IN_FRAMEWORK_HEADER = YES;
				CLANG_WARN_RANGE_LOOP_ANALYSIS = YES;
				CLANG_WARN_STRICT_PROTOTYPES = YES;
				CLANG_WARN_SUSPICIOUS_MOVE = YES;
				CLANG_WARN_UNGUARDED_AVAILABILITY = YES_AGGRESSIVE;
				CLANG_WARN_UNREACHABLE_CODE = YES;
				CLANG_WARN__DUPLICATE_METHOD_MATCH = YES;
				COPY_PHASE_STRIP = NO;
				DEBUG_INFORMATION_FORMAT = dwarf;
				ENABLE_STRICT_OBJC_MSGSEND = YES;
				ENABLE_TESTABILITY = YES;
				ENABLE_USER_SCRIPT_SANDBOXING = YES;
				GCC_C_LANGUAGE_STANDARD = gnu17;
				GCC_DYNAMIC_NO_PIC = NO;
				GCC_NO_COMMON_BLOCKS = YES;
				GCC_OPTIMIZATION_LEVEL = 0;
				GCC_PREPROCESSOR_DEFINITIONS = (
					"DEBUG=1",
					"$(inherited)",
				);
				GCC_WARN_64_TO_32_BIT_CONVERSION = YES;
				GCC_WARN_ABOUT_RETURN_TYPE = YES_ERROR;
				GCC_WARN_UNDECLARED_SELECTOR = YES;
				GCC_WARN_UNINITIALIZED_AUTOS = YES_AGGRESSIVE;
				GCC_WARN_UNUSED_FUNCTION = YES;
				GCC_WARN_UNUSED_VARIABLE = YES;
				IPHONEOS_DEPLOYMENT_TARGET = 17.2;
				LOCALIZATION_PREFERS_STRING_CATALOGS = YES;
				MTL_ENABLE_DEBUG_INFO = INCLUDE_SOURCE;
				MTL_FAST_MATH = YES;
				ONLY_ACTIVE_ARCH = YES;
				SDKROOT = iphoneos;
				SWIFT_ACTIVE_COMPILATION_CONDITIONS = "DEBUG $(inherited)";
				SWIFT_OPTIMIZATION_LEVEL = "-Onone";
			};
			name = Debug;
		};
		BE1EB9C12C5811AA0071CF37 /* Release */ = {
			isa = XCBuildConfiguration;
			buildSettings = {
				ALWAYS_SEARCH_USER_PATHS = NO;
				ASSETCATALOG_COMPILER_GENERATE_SWIFT_ASSET_SYMBOL_EXTENSIONS = YES;
				CLANG_ANALYZER_NONNULL = YES;
				CLANG_ANALYZER_NUMBER_OBJECT_CONVERSION = YES_AGGRESSIVE;
				CLANG_CXX_LANGUAGE_STANDARD = "gnu++20";
				CLANG_ENABLE_MODULES = YES;
				CLANG_ENABLE_OBJC_ARC = YES;
				CLANG_ENABLE_OBJC_WEAK = YES;
				CLANG_WARN_BLOCK_CAPTURE_AUTORELEASING = YES;
				CLANG_WARN_BOOL_CONVERSION = YES;
				CLANG_WARN_COMMA = YES;
				CLANG_WARN_CONSTANT_CONVERSION = YES;
				CLANG_WARN_DEPRECATED_OBJC_IMPLEMENTATIONS = YES;
				CLANG_WARN_DIRECT_OBJC_ISA_USAGE = YES_ERROR;
				CLANG_WARN_DOCUMENTATION_COMMENTS = YES;
				CLANG_WARN_EMPTY_BODY = YES;
				CLANG_WARN_ENUM_CONVERSION = YES;
				CLANG_WARN_INFINITE_RECURSION = YES;
				CLANG_WARN_INT_CONVERSION = YES;
				CLANG_WARN_NON_LITERAL_NULL_CONVERSION = YES;
				CLANG_WARN_OBJC_IMPLICIT_RETAIN_SELF = YES;
				CLANG_WARN_OBJC_LITERAL_CONVERSION = YES;
				CLANG_WARN_OBJC_ROOT_CLASS = YES_ERROR;
				CLANG_WARN_QUOTED_INCLUDE_IN_FRAMEWORK_HEADER = YES;
				CLANG_WARN_RANGE_LOOP_ANALYSIS = YES;
				CLANG_WARN_STRICT_PROTOTYPES = YES;
				CLANG_WARN_SUSPICIOUS_MOVE = YES;
				CLANG_WARN_UNGUARDED_AVAILABILITY = YES_AGGRESSIVE;
				CLANG_WARN_UNREACHABLE_CODE = YES;
				CLANG_WARN__DUPLICATE_METHOD_MATCH = YES;
				COPY_PHASE_STRIP = NO;
				DEBUG_INFORMATION_FORMAT = "dwarf-with-dsym";
				ENABLE_NS_ASSERTIONS = NO;
				ENABLE_STRICT_OBJC_MSGSEND = YES;
				ENABLE_USER_SCRIPT_SANDBOXING = YES;
				GCC_C_LANGUAGE_STANDARD = gnu17;
				GCC_NO_COMMON_BLOCKS = YES;
				GCC_WARN_64_TO_32_BIT_CONVERSION = YES;
				GCC_WARN_ABOUT_RETURN_TYPE = YES_ERROR;
				GCC_WARN_UNDECLARED_SELECTOR = YES;
				GCC_WARN_UNINITIALIZED_AUTOS = YES_AGGRESSIVE;
				GCC_WARN_UNUSED_FUNCTION = YES;
				GCC_WARN_UNUSED_VARIABLE = YES;
				IPHONEOS_DEPLOYMENT_TARGET = 17.2;
				LOCALIZATION_PREFERS_STRING_CATALOGS = YES;
				MTL_ENABLE_DEBUG_INFO = NO;
				MTL_FAST_MATH = YES;
				SDKROOT = iphoneos;
				SWIFT_COMPILATION_MODE = wholemodule;
				VALIDATE_PRODUCT = YES;
			};
			name = Release;
		};
		BE1EB9C32C5811AA0071CF37 /* Debug */ = {
			isa = XCBuildConfiguration;
			baseConfigurationReference = 4854D1390CB23FD03273ADAE /* Pods-CocoaNews.debug.xcconfig */;
			buildSettings = {
				ASSETCATALOG_COMPILER_APPICON_NAME = AppIcon;
				ASSETCATALOG_COMPILER_GLOBAL_ACCENT_COLOR_NAME = AccentColor;
				CODE_SIGN_STYLE = Manual;
				CURRENT_PROJECT_VERSION = 1;
				DEVELOPMENT_TEAM = "";
				ENABLE_USER_SCRIPT_SANDBOXING = NO;
				GENERATE_INFOPLIST_FILE = YES;
				INFOPLIST_FILE = CocoaNews/AppConfig/Info.plist;
				INFOPLIST_KEY_UIApplicationSupportsIndirectInputEvents = YES;
				INFOPLIST_KEY_UILaunchStoryboardName = LaunchScreen;
				INFOPLIST_KEY_UIMainStoryboardFile = "";
				INFOPLIST_KEY_UISupportedInterfaceOrientations_iPad = "UIInterfaceOrientationPortrait UIInterfaceOrientationPortraitUpsideDown UIInterfaceOrientationLandscapeLeft UIInterfaceOrientationLandscapeRight";
				INFOPLIST_KEY_UISupportedInterfaceOrientations_iPhone = "UIInterfaceOrientationPortrait UIInterfaceOrientationLandscapeLeft UIInterfaceOrientationLandscapeRight";
				LD_RUNPATH_SEARCH_PATHS = (
					"$(inherited)",
					"@executable_path/Frameworks",
				);
				MARKETING_VERSION = 1.0;
				PRODUCT_BUNDLE_IDENTIFIER = br.raphael.CocoaNews;
				PRODUCT_NAME = "$(TARGET_NAME)";
				PROVISIONING_PROFILE_SPECIFIER = "";
				SWIFT_EMIT_LOC_STRINGS = YES;
				SWIFT_VERSION = 5.0;
				TARGETED_DEVICE_FAMILY = "1,2";
			};
			name = Debug;
		};
		BE1EB9C42C5811AA0071CF37 /* Release */ = {
			isa = XCBuildConfiguration;
			baseConfigurationReference = 4F294A39BA675C01A7658EB7 /* Pods-CocoaNews.release.xcconfig */;
			buildSettings = {
				ASSETCATALOG_COMPILER_APPICON_NAME = AppIcon;
				ASSETCATALOG_COMPILER_GLOBAL_ACCENT_COLOR_NAME = AccentColor;
				CODE_SIGN_STYLE = Manual;
				CURRENT_PROJECT_VERSION = 1;
				DEVELOPMENT_TEAM = "";
				ENABLE_USER_SCRIPT_SANDBOXING = NO;
				GENERATE_INFOPLIST_FILE = YES;
				INFOPLIST_FILE = CocoaNews/AppConfig/Info.plist;
				INFOPLIST_KEY_UIApplicationSupportsIndirectInputEvents = YES;
				INFOPLIST_KEY_UILaunchStoryboardName = LaunchScreen;
				INFOPLIST_KEY_UIMainStoryboardFile = "";
				INFOPLIST_KEY_UISupportedInterfaceOrientations_iPad = "UIInterfaceOrientationPortrait UIInterfaceOrientationPortraitUpsideDown UIInterfaceOrientationLandscapeLeft UIInterfaceOrientationLandscapeRight";
				INFOPLIST_KEY_UISupportedInterfaceOrientations_iPhone = "UIInterfaceOrientationPortrait UIInterfaceOrientationLandscapeLeft UIInterfaceOrientationLandscapeRight";
				LD_RUNPATH_SEARCH_PATHS = (
					"$(inherited)",
					"@executable_path/Frameworks",
				);
				MARKETING_VERSION = 1.0;
				PRODUCT_BUNDLE_IDENTIFIER = br.raphael.CocoaNews;
				PRODUCT_NAME = "$(TARGET_NAME)";
				PROVISIONING_PROFILE_SPECIFIER = "";
				SWIFT_EMIT_LOC_STRINGS = YES;
				SWIFT_VERSION = 5.0;
				TARGETED_DEVICE_FAMILY = "1,2";
			};
			name = Release;
		};
/* End XCBuildConfiguration section */

/* Begin XCConfigurationList section */
		BE1EB9A92C5811A80071CF37 /* Build configuration list for PBXProject "CocoaNews" */ = {
			isa = XCConfigurationList;
			buildConfigurations = (
				BE1EB9C02C5811AA0071CF37 /* Debug */,
				BE1EB9C12C5811AA0071CF37 /* Release */,
			);
			defaultConfigurationIsVisible = 0;
			defaultConfigurationName = Release;
		};
		BE1EB9C22C5811AA0071CF37 /* Build configuration list for PBXNativeTarget "CocoaNews" */ = {
			isa = XCConfigurationList;
			buildConfigurations = (
				BE1EB9C32C5811AA0071CF37 /* Debug */,
				BE1EB9C42C5811AA0071CF37 /* Release */,
			);
			defaultConfigurationIsVisible = 0;
			defaultConfigurationName = Release;
		};
/* End XCConfigurationList section */
	};
	rootObject = BE1EB9A62C5811A80071CF37 /* Project object */;
}
