// !$*UTF8*$!
{
	archiveVersion = 1;
	classes = {
	};
	objectVersion = 56;
	objects = {

/* Begin PBXBuildFile section */
		187B6E925421EC7EC50104FA /* Pods_CocoaNews.framework in Frameworks */ = {isa = PBXBuildFile; fileRef = 0598F02B785505CF0DAB0D01 /* Pods_CocoaNews.framework */; };
		BE1EB9B22C5811A80071CF37 /* AppDelegate.swift in Sources */ = {isa = PBXBuildFile; fileRef = BE1EB9B12C5811A80071CF37 /* AppDelegate.swift */; };
		BE1EB9B42C5811A80071CF37 /* SceneDelegate.swift in Sources */ = {isa = PBXBuildFile; fileRef = BE1EB9B32C5811A80071CF37 /* SceneDelegate.swift */; };
		BE1EB9B62C5811A80071CF37 /* ViewController.swift in Sources */ = {isa = PBXBuildFile; fileRef = BE1EB9B52C5811A80071CF37 /* ViewController.swift */; };
		BE1EB9BB2C5811AA0071CF37 /* Assets.xcassets in Resources */ = {isa = PBXBuildFile; fileRef = BE1EB9BA2C5811AA0071CF37 /* Assets.xcassets */; };
		BE1EB9BE2C5811AA0071CF37 /* LaunchScreen.storyboard in Resources */ = {isa = PBXBuildFile; fileRef = BE1EB9BC2C5811AA0071CF37 /* LaunchScreen.storyboard */; };
/* End PBXBuildFile section */

/* Begin PBXFileReference section */
		0598F02B785505CF0DAB0D01 /* Pods_CocoaNews.framework */ = {isa = PBXFileReference; explicitFileType = wrapper.framework; includeInIndex = 0; path = Pods_CocoaNews.framework; sourceTree = BUILT_PRODUCTS_DIR; };
		4854D1390CB23FD03273ADAE /* Pods-CocoaNews.debug.xcconfig */ = {isa = PBXFileReference; includeInIndex = 1; lastKnownFileType = text.xcconfig; name = "Pods-CocoaNews.debug.xcconfig"; path = "Target Support Files/Pods-CocoaNews/Pods-CocoaNews.debug.xcconfig"; sourceTree = "<group>"; };
		4F294A39BA675C01A7658EB7 /* Pods-CocoaNews.release.xcconfig */ = {isa = PBXFileReference; includeInIndex = 1; lastKnownFileType = text.xcconfig; name = "Pods-CocoaNews.release.xcconfig"; path = "Target Support Files/Pods-CocoaNews/Pods-CocoaNews.release.xcconfig"; sourceTree = "<group>"; };
		BE1EB9AE2C5811A80071CF37 /* CocoaNews.app */ = {isa = PBXFileReference; explicitFileType = wrapper.application; includeInIndex = 0; path = CocoaNews.app; sourceTree = BUILT_PRODUCTS_DIR; };
		BE1EB9B12C5811A80071CF37 /* AppDelegate.swift */ = {isa = PBXFileReference; lastKnownFileType = sourcecode.swift; path = AppDelegate.swift; sourceTree = "<group>"; };
		BE1EB9B32C5811A80071CF37 /* SceneDelegate.swift */ = {isa = PBXFileReference; lastKnownFileType = sourcecode.swift; path = SceneDelegate.swift; sourceTree = "<group>"; };
		BE1EB9B52C5811A80071CF37 /* ViewController.swift */ = {isa = PBXFileReference; lastKnownFileType = sourcecode.swift; path = ViewController.swift; sourceTree = "<group>"; };
		BE1EB9BA2C5811AA0071CF37 /* Assets.xcassets */ = {isa = PBXFileReference; lastKnownFileType = folder.assetcatalog; path = Assets.xcassets; sourceTree = "<group>"; };
		BE1EB9BD2C5811AA0071CF37 /* Base */ = {isa = PBXFileReference; lastKnownFileType = file.storyboard; name = Base; path = Base.lproj/LaunchScreen.storyboard; sourceTree = "<group>"; };
		BE1EB9BF2C5811AA0071CF37 /* Info.plist */ = {isa = PBXFileReference; lastKnownFileType = text.plist.xml; path = Info.plist; sourceTree = "<group>"; };
/* End PBXFileReference section */

/* Begin PBXFrameworksBuildPhase section */
		BE1EB9AB2C5811A80071CF37 /* Frameworks */ = {
			isa = PBXFrameworksBuildPhase;
			buildActionMask = 2147483647;
			files = (
				187B6E925421EC7EC50104FA /* Pods_CocoaNews.framework in Frameworks */,
			);
			runOnlyForDeploymentPostprocessing = 0;
		};
/* End PBXFrameworksBuildPhase section */

/* Begin PBXGroup section */
		170813F796CEE7364FD4FF1A /* Frameworks */ = {
			isa = PBXGroup;
			children = (
				0598F02B785505CF0DAB0D01 /* Pods_CocoaNews.framework */,
			);
			name = Frameworks;
			sourceTree = "<group>";
		};
		9419C3FD0294035F4AC2C930 /* Pods */ = {
			isa = PBXGroup;
			children = (
				4854D1390CB23FD03273ADAE /* Pods-CocoaNews.debug.xcconfig */,
				4F294A39BA675C01A7658EB7 /* Pods-CocoaNews.release.xcconfig */,
			);
			path = Pods;
			sourceTree = "<group>";
		};
		BE07D6CD2C5AB3CF00F685D1 /* AppConfig */ = {
			isa = PBXGroup;
			children = (
				BE1EB9B12C5811A80071CF37 /* AppDelegate.swift */,
				BE1EB9B32C5811A80071CF37 /* SceneDelegate.swift */,
				BE1EB9BA2C5811AA0071CF37 /* Assets.xcassets */,
				BE1EB9BC2C5811AA0071CF37 /* LaunchScreen.storyboard */,
				BE1EB9BF2C5811AA0071CF37 /* Info.plist */,
			);
			path = AppConfig;
			sourceTree = "<group>";
		};
		BE07D6CE2C5AB3E300F685D1 /* Source */ = {
			isa = PBXGroup;
			children = (
				BE07D6CF2C5AB40A00F685D1 /* UI */,
			);
			path = Source;
			sourceTree = "<group>";
		};
		BE07D6CF2C5AB40A00F685D1 /* UI */ = {
			isa = PBXGroup;
			children = (
				BE1EB9B52C5811A80071CF37 /* ViewController.swift */,
			);
			path = UI;
			sourceTree = "<group>";
		};
		BE1EB9A52C5811A80071CF37 = {
			isa = PBXGroup;
			children = (
				BE1EB9B02C5811A80071CF37 /* CocoaNews */,
				BE1EB9AF2C5811A80071CF37 /* Products */,
				9419C3FD0294035F4AC2C930 /* Pods */,
				170813F796CEE7364FD4FF1A /* Frameworks */,
			);
			sourceTree = "<group>";
		};
		BE1EB9AF2C5811A80071CF37 /* Products */ = {
			isa = PBXGroup;
			children = (
				BE1EB9AE2C5811A80071CF37 /* CocoaNews.app */,
			);
			name = Products;
			sourceTree = "<group>";
		};
		BE1EB9B02C5811A80071CF37 /* CocoaNews */ = {
			isa = PBXGroup;
			children = (
				BE07D6CD2C5AB3CF00F685D1 /* AppConfig */,
				BE07D6CE2C5AB3E300F685D1 /* Source */,
			);
			path = CocoaNews;
			sourceTree = "<group>";
		};
/* End PBXGroup section */

/* Begin PBXNativeTarget section */
		BE1EB9AD2C5811A80071CF37 /* CocoaNews */ = {
			isa = PBXNativeTarget;
			buildConfigurationList = BE1EB9C22C5811AA0071CF37 /* Build configuration list for PBXNativeTarget "CocoaNews" */;
			buildPhases = (
				A62CC0727DD82DDFF9FD7722 /* [CP] Check Pods Manifest.lock */,
				BE1EB9AA2C5811A80071CF37 /* Sources */,
				BE1EB9AB2C5811A80071CF37 /* Frameworks */,
				BE1EB9AC2C5811A80071CF37 /* Resources */,
				3E4FB6463EC865929857D58C /* [CP] Embed Pods Frameworks */,
			);
			buildRules = (
			);
			dependencies = (
			);
			name = CocoaNews;
			productName = CocoaNews;
			productReference = BE1EB9AE2C5811A80071CF37 /* CocoaNews.app */;
			productType = "com.apple.product-type.application";
		};
/* End PBXNativeTarget section */

/* Begin PBXProject section */
		BE1EB9A62C5811A80071CF37 /* Project object */ = {
			isa = PBXProject;
			attributes = {
				BuildIndependentTargetsInParallel = 1;
				LastSwiftUpdateCheck = 1520;
				LastUpgradeCheck = 1520;
				TargetAttributes = {
					BE1EB9AD2C5811A80071CF37 = {
						CreatedOnToolsVersion = 15.2;
					};
				};
			};
			buildConfigurationList = BE1EB9A92C5811A80071CF37 /* Build configuration list for PBXProject "CocoaNews" */;
			compatibilityVersion = "Xcode 14.0";
			developmentRegion = en;
			hasScannedForEncodings = 0;
			knownRegions = (
				en,
				Base,
			);
			mainGroup = BE1EB9A52C5811A80071CF37;
			productRefGroup = BE1EB9AF2C5811A80071CF37 /* Products */;
			projectDirPath = "";
			projectRoot = "";
			targets = (
				BE1EB9AD2C5811A80071CF37 /* CocoaNews */,
			);
		};
/* End PBXProject section */

/* Begin PBXResourcesBuildPhase section */
		BE1EB9AC2C5811A80071CF37 /* Resources */ = {
			isa = PBXResourcesBuildPhase;
			buildActionMask = 2147483647;
			files = (
				BE1EB9BE2C5811AA0071CF37 /* LaunchScreen.storyboard in Resources */,
				BE1EB9BB2C5811AA0071CF37 /* Assets.xcassets in Resources */,
			);
			runOnlyForDeploymentPostprocessing = 0;
		};
/* End PBXResourcesBuildPhase section */

/* Begin PBXShellScriptBuildPhase section */
		3E4FB6463EC865929857D58C /* [CP] Embed Pods Frameworks */ = {
			isa = PBXShellScriptBuildPhase;
			buildActionMask = 2147483647;
			files = (
			);
			inputFileListPaths = (
				"${PODS_ROOT}/Target Support Files/Pods-CocoaNews/Pods-CocoaNews-frameworks-${CONFIGURATION}-input-files.xcfilelist",
			);
			name = "[CP] Embed Pods Frameworks";
			outputFileListPaths = (
				"${PODS_ROOT}/Target Support Files/Pods-CocoaNews/Pods-CocoaNews-frameworks-${CONFIGURATION}-output-files.xcfilelist",
			);
			runOnlyForDeploymentPostprocessing = 0;
			shellPath = /bin/sh;
			shellScript = "\"${PODS_ROOT}/Target Support Files/Pods-CocoaNews/Pods-CocoaNews-frameworks.sh\"\n";
			showEnvVarsInLog = 0;
		};
		A62CC0727DD82DDFF9FD7722 /* [CP] Check Pods Manifest.lock */ = {
			isa = PBXShellScriptBuildPhase;
			buildActionMask = 2147483647;
			files = (
			);
			inputFileListPaths = (
			);
			inputPaths = (
				"${PODS_PODFILE_DIR_PATH}/Podfile.lock",
				"${PODS_ROOT}/Manifest.lock",
			);
			name = "[CP] Check Pods Manifest.lock";
			outputFileListPaths = (
			);
			outputPaths = (
				"$(DERIVED_FILE_DIR)/Pods-CocoaNews-checkManifestLockResult.txt",
			);
			runOnlyForDeploymentPostprocessing = 0;
			shellPath = /bin/sh;
			shellScript = "diff \"${PODS_PODFILE_DIR_PATH}/Podfile.lock\" \"${PODS_ROOT}/Manifest.lock\" > /dev/null\nif [ $? != 0 ] ; then\n    # print error to STDERR\n    echo \"error: The sandbox is not in sync with the Podfile.lock. Run 'pod install' or update your CocoaPods installation.\" >&2\n    exit 1\nfi\n# This output is used by Xcode 'outputs' to avoid re-running this script phase.\necho \"SUCCESS\" > \"${SCRIPT_OUTPUT_FILE_0}\"\n";
			showEnvVarsInLog = 0;
		};
/* End PBXShellScriptBuildPhase section */

/* Begin PBXSourcesBuildPhase section */
		BE1EB9AA2C5811A80071CF37 /* Sources */ = {
			isa = PBXSourcesBuildPhase;
			buildActionMask = 2147483647;
			files = (
				BE1EB9B62C5811A80071CF37 /* ViewController.swift in Sources */,
				BE1EB9B22C5811A80071CF37 /* AppDelegate.swift in Sources */,
				BE1EB9B42C5811A80071CF37 /* SceneDelegate.swift in Sources */,
			);
			runOnlyForDeploymentPostprocessing = 0;
		};
/* End PBXSourcesBuildPhase section */

/* Begin PBXVariantGroup section */
		BE1EB9BC2C5811AA0071CF37 /* LaunchScreen.storyboard */ = {
			isa = PBXVariantGroup;
			children = (
				BE1EB9BD2C5811AA0071CF37 /* Base */,
			);
			name = LaunchScreen.storyboard;
			sourceTree = "<group>";
		};
/* End PBXVariantGroup section */

/* Begin XCBuildConfiguration section */
		BE1EB9C02C5811AA0071CF37 /* Debug */ = {
			isa = XCBuildConfiguration;
			buildSettings = {
				ALWAYS_SEARCH_USER_PATHS = NO;
				ASSETCATALOG_COMPILER_GENERATE_SWIFT_ASSET_SYMBOL_EXTENSIONS = YES;
				CLANG_ANALYZER_NONNULL = YES;
				CLANG_ANALYZER_NUMBER_OBJECT_CONVERSION = YES_AGGRESSIVE;
				CLANG_CXX_LANGUAGE_STANDARD = "gnu++20";
				CLANG_ENABLE_MODULES = YES;
				CLANG_ENABLE_OBJC_ARC = YES;
				CLANG_ENABLE_OBJC_WEAK = YES;
				CLANG_WARN_BLOCK_CAPTURE_AUTORELEASING = YES;
				CLANG_WARN_BOOL_CONVERSION = YES;
				CLANG_WARN_COMMA = YES;
				CLANG_WARN_CONSTANT_CONVERSION = YES;
				CLANG_WARN_DEPRECATED_OBJC_IMPLEMENTATIONS = YES;
				CLANG_WARN_DIRECT_OBJC_ISA_USAGE = YES_ERROR;
				CLANG_WARN_DOCUMENTATION_COMMENTS = YES;
				CLANG_WARN_EMPTY_BODY = YES;
				CLANG_WARN_ENUM_CONVERSION = YES;
				CLANG_WARN_INFINITE_RECURSION = YES;
				CLANG_WARN_INT_CONVERSION = YES;
				CLANG_WARN_NON_LITERAL_NULL_CONVERSION = YES;
				CLANG_WARN_OBJC_IMPLICIT_RETAIN_SELF = YES;
				CLANG_WARN_OBJC_LITERAL_CONVERSION = YES;
				CLANG_WARN_OBJC_ROOT_CLASS = YES_ERROR;
				CLANG_WARN_QUOTED_INCLUDE_IN_FRAMEWORK_HEADER = YES;
				CLANG_WARN_RANGE_LOOP_ANALYSIS = YES;
				CLANG_WARN_STRICT_PROTOTYPES = YES;
				CLANG_WARN_SUSPICIOUS_MOVE = YES;
				CLANG_WARN_UNGUARDED_AVAILABILITY = YES_AGGRESSIVE;
				CLANG_WARN_UNREACHABLE_CODE = YES;
				CLANG_WARN__DUPLICATE_METHOD_MATCH = YES;
				COPY_PHASE_STRIP = NO;
				DEBUG_INFORMATION_FORMAT = dwarf;
				ENABLE_STRICT_OBJC_MSGSEND = YES;
				ENABLE_TESTABILITY = YES;
				ENABLE_USER_SCRIPT_SANDBOXING = YES;
				GCC_C_LANGUAGE_STANDARD = gnu17;
				GCC_DYNAMIC_NO_PIC = NO;
				GCC_NO_COMMON_BLOCKS = YES;
				GCC_OPTIMIZATION_LEVEL = 0;
				GCC_PREPROCESSOR_DEFINITIONS = (
					"DEBUG=1",
					"$(inherited)",
				);
				GCC_WARN_64_TO_32_BIT_CONVERSION = YES;
				GCC_WARN_ABOUT_RETURN_TYPE = YES_ERROR;
				GCC_WARN_UNDECLARED_SELECTOR = YES;
				GCC_WARN_UNINITIALIZED_AUTOS = YES_AGGRESSIVE;
				GCC_WARN_UNUSED_FUNCTION = YES;
				GCC_WARN_UNUSED_VARIABLE = YES;
				IPHONEOS_DEPLOYMENT_TARGET = 17.2;
				LOCALIZATION_PREFERS_STRING_CATALOGS = YES;
				MTL_ENABLE_DEBUG_INFO = INCLUDE_SOURCE;
				MTL_FAST_MATH = YES;
				ONLY_ACTIVE_ARCH = YES;
				SDKROOT = iphoneos;
				SWIFT_ACTIVE_COMPILATION_CONDITIONS = "DEBUG $(inherited)";
				SWIFT_OPTIMIZATION_LEVEL = "-Onone";
			};
			name = Debug;
		};
		BE1EB9C12C5811AA0071CF37 /* Release */ = {
			isa = XCBuildConfiguration;
			buildSettings = {
				ALWAYS_SEARCH_USER_PATHS = NO;
				ASSETCATALOG_COMPILER_GENERATE_SWIFT_ASSET_SYMBOL_EXTENSIONS = YES;
				CLANG_ANALYZER_NONNULL = YES;
				CLANG_ANALYZER_NUMBER_OBJECT_CONVERSION = YES_AGGRESSIVE;
				CLANG_CXX_LANGUAGE_STANDARD = "gnu++20";
				CLANG_ENABLE_MODULES = YES;
				CLANG_ENABLE_OBJC_ARC = YES;
				CLANG_ENABLE_OBJC_WEAK = YES;
				CLANG_WARN_BLOCK_CAPTURE_AUTORELEASING = YES;
				CLANG_WARN_BOOL_CONVERSION = YES;
				CLANG_WARN_COMMA = YES;
				CLANG_WARN_CONSTANT_CONVERSION = YES;
				CLANG_WARN_DEPRECATED_OBJC_IMPLEMENTATIONS = YES;
				CLANG_WARN_DIRECT_OBJC_ISA_USAGE = YES_ERROR;
				CLANG_WARN_DOCUMENTATION_COMMENTS = YES;
				CLANG_WARN_EMPTY_BODY = YES;
				CLANG_WARN_ENUM_CONVERSION = YES;
				CLANG_WARN_INFINITE_RECURSION = YES;
				CLANG_WARN_INT_CONVERSION = YES;
				CLANG_WARN_NON_LITERAL_NULL_CONVERSION = YES;
				CLANG_WARN_OBJC_IMPLICIT_RETAIN_SELF = YES;
				CLANG_WARN_OBJC_LITERAL_CONVERSION = YES;
				CLANG_WARN_OBJC_ROOT_CLASS = YES_ERROR;
				CLANG_WARN_QUOTED_INCLUDE_IN_FRAMEWORK_HEADER = YES;
				CLANG_WARN_RANGE_LOOP_ANALYSIS = YES;
				CLANG_WARN_STRICT_PROTOTYPES = YES;
				CLANG_WARN_SUSPICIOUS_MOVE = YES;
				CLANG_WARN_UNGUARDED_AVAILABILITY = YES_AGGRESSIVE;
				CLANG_WARN_UNREACHABLE_CODE = YES;
				CLANG_WARN__DUPLICATE_METHOD_MATCH = YES;
				COPY_PHASE_STRIP = NO;
				DEBUG_INFORMATION_FORMAT = "dwarf-with-dsym";
				ENABLE_NS_ASSERTIONS = NO;
				ENABLE_STRICT_OBJC_MSGSEND = YES;
				ENABLE_USER_SCRIPT_SANDBOXING = YES;
				GCC_C_LANGUAGE_STANDARD = gnu17;
				GCC_NO_COMMON_BLOCKS = YES;
				GCC_WARN_64_TO_32_BIT_CONVERSION = YES;
				GCC_WARN_ABOUT_RETURN_TYPE = YES_ERROR;
				GCC_WARN_UNDECLARED_SELECTOR = YES;
				GCC_WARN_UNINITIALIZED_AUTOS = YES_AGGRESSIVE;
				GCC_WARN_UNUSED_FUNCTION = YES;
				GCC_WARN_UNUSED_VARIABLE = YES;
				IPHONEOS_DEPLOYMENT_TARGET = 17.2;
				LOCALIZATION_PREFERS_STRING_CATALOGS = YES;
				MTL_ENABLE_DEBUG_INFO = NO;
				MTL_FAST_MATH = YES;
				SDKROOT = iphoneos;
				SWIFT_COMPILATION_MODE = wholemodule;
				VALIDATE_PRODUCT = YES;
			};
			name = Release;
		};
		BE1EB9C32C5811AA0071CF37 /* Debug */ = {
			isa = XCBuildConfiguration;
			baseConfigurationReference = 4854D1390CB23FD03273ADAE /* Pods-CocoaNews.debug.xcconfig */;
			buildSettings = {
				ASSETCATALOG_COMPILER_APPICON_NAME = AppIcon;
				ASSETCATALOG_COMPILER_GLOBAL_ACCENT_COLOR_NAME = AccentColor;
				CODE_SIGN_STYLE = Automatic;
				CURRENT_PROJECT_VERSION = 1;
				ENABLE_USER_SCRIPT_SANDBOXING = NO;
				GENERATE_INFOPLIST_FILE = YES;
				INFOPLIST_FILE = CocoaNews/AppConfig/Info.plist;
				INFOPLIST_KEY_UIApplicationSupportsIndirectInputEvents = YES;
				INFOPLIST_KEY_UILaunchStoryboardName = LaunchScreen;
				INFOPLIST_KEY_UIMainStoryboardFile = "";
				INFOPLIST_KEY_UISupportedInterfaceOrientations_iPad = "UIInterfaceOrientationPortrait UIInterfaceOrientationPortraitUpsideDown UIInterfaceOrientationLandscapeLeft UIInterfaceOrientationLandscapeRight";
				INFOPLIST_KEY_UISupportedInterfaceOrientations_iPhone = "UIInterfaceOrientationPortrait UIInterfaceOrientationLandscapeLeft UIInterfaceOrientationLandscapeRight";
				LD_RUNPATH_SEARCH_PATHS = (
					"$(inherited)",
					"@executable_path/Frameworks",
				);
				MARKETING_VERSION = 1.0;
				PRODUCT_BUNDLE_IDENTIFIER = br.raphael.CocoaNews;
				PRODUCT_NAME = "$(TARGET_NAME)";
				SWIFT_EMIT_LOC_STRINGS = YES;
				SWIFT_VERSION = 5.0;
				TARGETED_DEVICE_FAMILY = "1,2";
			};
			name = Debug;
		};
		BE1EB9C42C5811AA0071CF37 /* Release */ = {
			isa = XCBuildConfiguration;
			baseConfigurationReference = 4F294A39BA675C01A7658EB7 /* Pods-CocoaNews.release.xcconfig */;
			buildSettings = {
				ASSETCATALOG_COMPILER_APPICON_NAME = AppIcon;
				ASSETCATALOG_COMPILER_GLOBAL_ACCENT_COLOR_NAME = AccentColor;
				CODE_SIGN_STYLE = Automatic;
				CURRENT_PROJECT_VERSION = 1;
				ENABLE_USER_SCRIPT_SANDBOXING = NO;
				GENERATE_INFOPLIST_FILE = YES;
				INFOPLIST_FILE = CocoaNews/AppConfig/Info.plist;
				INFOPLIST_KEY_UIApplicationSupportsIndirectInputEvents = YES;
				INFOPLIST_KEY_UILaunchStoryboardName = LaunchScreen;
				INFOPLIST_KEY_UIMainStoryboardFile = "";
				INFOPLIST_KEY_UISupportedInterfaceOrientations_iPad = "UIInterfaceOrientationPortrait UIInterfaceOrientationPortraitUpsideDown UIInterfaceOrientationLandscapeLeft UIInterfaceOrientationLandscapeRight";
				INFOPLIST_KEY_UISupportedInterfaceOrientations_iPhone = "UIInterfaceOrientationPortrait UIInterfaceOrientationLandscapeLeft UIInterfaceOrientationLandscapeRight";
				LD_RUNPATH_SEARCH_PATHS = (
					"$(inherited)",
					"@executable_path/Frameworks",
				);
				MARKETING_VERSION = 1.0;
				PRODUCT_BUNDLE_IDENTIFIER = br.raphael.CocoaNews;
				PRODUCT_NAME = "$(TARGET_NAME)";
				SWIFT_EMIT_LOC_STRINGS = YES;
				SWIFT_VERSION = 5.0;
				TARGETED_DEVICE_FAMILY = "1,2";
			};
			name = Release;
		};
/* End XCBuildConfiguration section */

/* Begin XCConfigurationList section */
		BE1EB9A92C5811A80071CF37 /* Build configuration list for PBXProject "CocoaNews" */ = {
			isa = XCConfigurationList;
			buildConfigurations = (
				BE1EB9C02C5811AA0071CF37 /* Debug */,
				BE1EB9C12C5811AA0071CF37 /* Release */,
			);
			defaultConfigurationIsVisible = 0;
			defaultConfigurationName = Release;
		};
		BE1EB9C22C5811AA0071CF37 /* Build configuration list for PBXNativeTarget "CocoaNews" */ = {
			isa = XCConfigurationList;
			buildConfigurations = (
				BE1EB9C32C5811AA0071CF37 /* Debug */,
				BE1EB9C42C5811AA0071CF37 /* Release */,
			);
			defaultConfigurationIsVisible = 0;
			defaultConfigurationName = Release;
		};
/* End XCConfigurationList section */
	};
	rootObject = BE1EB9A62C5811A80071CF37 /* Project object */;
}
